// !$*UTF8*$!
{
	archiveVersion = 1;
	classes = {
	};
	objectVersion = 50;
	objects = {

/* Begin PBXBuildFile section */
		A317681624570D160019B31A /* AppDelegate.swift in Sources */ = {isa = PBXBuildFile; fileRef = A317681524570D160019B31A /* AppDelegate.swift */; };
		A317681824570D160019B31A /* SceneDelegate.swift in Sources */ = {isa = PBXBuildFile; fileRef = A317681724570D160019B31A /* SceneDelegate.swift */; };
		A317681D24570D160019B31A /* Main.storyboard in Resources */ = {isa = PBXBuildFile; fileRef = A317681B24570D160019B31A /* Main.storyboard */; };
		A317682224570D180019B31A /* Assets.xcassets in Resources */ = {isa = PBXBuildFile; fileRef = A317682124570D180019B31A /* Assets.xcassets */; };
		A317682524570D180019B31A /* LaunchScreen.storyboard in Resources */ = {isa = PBXBuildFile; fileRef = A317682324570D180019B31A /* LaunchScreen.storyboard */; };
		A317682F245728DF0019B31A /* NewTodo.swift in Sources */ = {isa = PBXBuildFile; fileRef = A317682E245728DF0019B31A /* NewTodo.swift */; };
		A3176831245832610019B31A /* List_of_Todo.swift in Sources */ = {isa = PBXBuildFile; fileRef = A3176830245832610019B31A /* List_of_Todo.swift */; };
		A3176834245837DF0019B31A /* Todo.xcdatamodeld in Sources */ = {isa = PBXBuildFile; fileRef = A3176832245837DF0019B31A /* Todo.xcdatamodeld */; };
		A317683C245877CD0019B31A /* Custom_cell.swift in Sources */ = {isa = PBXBuildFile; fileRef = A317683B245877CD0019B31A /* Custom_cell.swift */; };
/* End PBXBuildFile section */

/* Begin PBXContainerItemProxy section */
		A39D2F1A24984D0C0051FD19 /* PBXContainerItemProxy */ = {
			isa = PBXContainerItemProxy;
			containerPortal = A317680A24570D160019B31A /* Project object */;
			proxyType = 1;
			remoteGlobalIDString = A317681124570D160019B31A;
			remoteInfo = Todo;
		};
/* End PBXContainerItemProxy section */

/* Begin PBXFileReference section */
		A317681224570D160019B31A /* Todo.app */ = {isa = PBXFileReference; explicitFileType = wrapper.application; includeInIndex = 0; path = Todo.app; sourceTree = BUILT_PRODUCTS_DIR; };
		A317681524570D160019B31A /* AppDelegate.swift */ = {isa = PBXFileReference; lastKnownFileType = sourcecode.swift; path = AppDelegate.swift; sourceTree = "<group>"; };
		A317681724570D160019B31A /* SceneDelegate.swift */ = {isa = PBXFileReference; lastKnownFileType = sourcecode.swift; path = SceneDelegate.swift; sourceTree = "<group>"; };
		A317681C24570D160019B31A /* Base */ = {isa = PBXFileReference; lastKnownFileType = file.storyboard; name = Base; path = Base.lproj/Main.storyboard; sourceTree = "<group>"; };
		A317682124570D180019B31A /* Assets.xcassets */ = {isa = PBXFileReference; lastKnownFileType = folder.assetcatalog; path = Assets.xcassets; sourceTree = "<group>"; };
		A317682424570D180019B31A /* Base */ = {isa = PBXFileReference; lastKnownFileType = file.storyboard; name = Base; path = Base.lproj/LaunchScreen.storyboard; sourceTree = "<group>"; };
		A317682624570D180019B31A /* Info.plist */ = {isa = PBXFileReference; lastKnownFileType = text.plist.xml; path = Info.plist; sourceTree = "<group>"; };
		A317682E245728DF0019B31A /* NewTodo.swift */ = {isa = PBXFileReference; lastKnownFileType = sourcecode.swift; path = NewTodo.swift; sourceTree = "<group>"; };
		A3176830245832610019B31A /* List_of_Todo.swift */ = {isa = PBXFileReference; lastKnownFileType = sourcecode.swift; path = List_of_Todo.swift; sourceTree = "<group>"; };
		A3176833245837DF0019B31A /* Todo.xcdatamodel */ = {isa = PBXFileReference; lastKnownFileType = wrapper.xcdatamodel; path = Todo.xcdatamodel; sourceTree = "<group>"; };
		A317683B245877CD0019B31A /* Custom_cell.swift */ = {isa = PBXFileReference; lastKnownFileType = sourcecode.swift; path = Custom_cell.swift; sourceTree = "<group>"; };
		A39D2F1524984D0C0051FD19 /* TodoUITests.xctest */ = {isa = PBXFileReference; explicitFileType = wrapper.cfbundle; includeInIndex = 0; path = TodoUITests.xctest; sourceTree = BUILT_PRODUCTS_DIR; };
/* End PBXFileReference section */

/* Begin PBXFrameworksBuildPhase section */
		A317680F24570D160019B31A /* Frameworks */ = {
			isa = PBXFrameworksBuildPhase;
			buildActionMask = 2147483647;
			files = (
			);
			runOnlyForDeploymentPostprocessing = 0;
		};
		A39D2F1224984D0C0051FD19 /* Frameworks */ = {
			isa = PBXFrameworksBuildPhase;
			buildActionMask = 2147483647;
			files = (
			);
			runOnlyForDeploymentPostprocessing = 0;
		};
/* End PBXFrameworksBuildPhase section */

/* Begin PBXGroup section */
		A317680924570D160019B31A = {
			isa = PBXGroup;
			children = (
				A317681424570D160019B31A /* Todo */,
				A317681324570D160019B31A /* Products */,
			);
			sourceTree = "<group>";
		};
		A317681324570D160019B31A /* Products */ = {
			isa = PBXGroup;
			children = (
				A317681224570D160019B31A /* Todo.app */,
				A39D2F1524984D0C0051FD19 /* TodoUITests.xctest */,
			);
			name = Products;
			sourceTree = "<group>";
		};
		A317681424570D160019B31A /* Todo */ = {
			isa = PBXGroup;
			children = (
				A3176832245837DF0019B31A /* Todo.xcdatamodeld */,
				A317681524570D160019B31A /* AppDelegate.swift */,
				A317681724570D160019B31A /* SceneDelegate.swift */,
				A317681B24570D160019B31A /* Main.storyboard */,
				A317682124570D180019B31A /* Assets.xcassets */,
				A317682324570D180019B31A /* LaunchScreen.storyboard */,
				A317682624570D180019B31A /* Info.plist */,
				A317682E245728DF0019B31A /* NewTodo.swift */,
				A3176830245832610019B31A /* List_of_Todo.swift */,
				A317683B245877CD0019B31A /* Custom_cell.swift */,
			);
			path = Todo;
			sourceTree = "<group>";
		};
/* End PBXGroup section */

/* Begin PBXNativeTarget section */
		A317681124570D160019B31A /* Todo */ = {
			isa = PBXNativeTarget;
			buildConfigurationList = A317682924570D180019B31A /* Build configuration list for PBXNativeTarget "Todo" */;
			buildPhases = (
				A317680E24570D160019B31A /* Sources */,
				A317680F24570D160019B31A /* Frameworks */,
				A317681024570D160019B31A /* Resources */,
			);
			buildRules = (
			);
			dependencies = (
			);
			name = Todo;
			productName = Todo;
			productReference = A317681224570D160019B31A /* Todo.app */;
			productType = "com.apple.product-type.application";
		};
		A39D2F1424984D0C0051FD19 /* TodoUITests */ = {
			isa = PBXNativeTarget;
			buildConfigurationList = A39D2F1C24984D0C0051FD19 /* Build configuration list for PBXNativeTarget "TodoUITests" */;
			buildPhases = (
				A39D2F1124984D0C0051FD19 /* Sources */,
				A39D2F1224984D0C0051FD19 /* Frameworks */,
				A39D2F1324984D0C0051FD19 /* Resources */,
			);
			buildRules = (
			);
			dependencies = (
				A39D2F1B24984D0C0051FD19 /* PBXTargetDependency */,
			);
			name = TodoUITests;
			productName = TodoUITests;
			productReference = A39D2F1524984D0C0051FD19 /* TodoUITests.xctest */;
			productType = "com.apple.product-type.bundle.ui-testing";
		};
/* End PBXNativeTarget section */

/* Begin PBXProject section */
		A317680A24570D160019B31A /* Project object */ = {
			isa = PBXProject;
			attributes = {
				LastSwiftUpdateCheck = 1150;
				LastUpgradeCheck = 1140;
				ORGANIZATIONNAME = PoC;
				TargetAttributes = {
					A317681124570D160019B31A = {
						CreatedOnToolsVersion = 11.4.1;
					};
					A39D2F1424984D0C0051FD19 = {
						CreatedOnToolsVersion = 11.5;
						TestTargetID = A317681124570D160019B31A;
					};
				};
			};
			buildConfigurationList = A317680D24570D160019B31A /* Build configuration list for PBXProject "Todo" */;
			compatibilityVersion = "Xcode 9.3";
			developmentRegion = en;
			hasScannedForEncodings = 0;
			knownRegions = (
				en,
				Base,
			);
			mainGroup = A317680924570D160019B31A;
			productRefGroup = A317681324570D160019B31A /* Products */;
			projectDirPath = "";
			projectRoot = "";
			targets = (
				A317681124570D160019B31A /* Todo */,
				A39D2F1424984D0C0051FD19 /* TodoUITests */,
			);
		};
/* End PBXProject section */

/* Begin PBXResourcesBuildPhase section */
		A317681024570D160019B31A /* Resources */ = {
			isa = PBXResourcesBuildPhase;
			buildActionMask = 2147483647;
			files = (
				A317682524570D180019B31A /* LaunchScreen.storyboard in Resources */,
				A317682224570D180019B31A /* Assets.xcassets in Resources */,
				A317681D24570D160019B31A /* Main.storyboard in Resources */,
			);
			runOnlyForDeploymentPostprocessing = 0;
		};
		A39D2F1324984D0C0051FD19 /* Resources */ = {
			isa = PBXResourcesBuildPhase;
			buildActionMask = 2147483647;
			files = (
			);
			runOnlyForDeploymentPostprocessing = 0;
		};
/* End PBXResourcesBuildPhase section */

/* Begin PBXSourcesBuildPhase section */
		A317680E24570D160019B31A /* Sources */ = {
			isa = PBXSourcesBuildPhase;
			buildActionMask = 2147483647;
			files = (
				A3176831245832610019B31A /* List_of_Todo.swift in Sources */,
				A317683C245877CD0019B31A /* Custom_cell.swift in Sources */,
				A3176834245837DF0019B31A /* Todo.xcdatamodeld in Sources */,
				A317682F245728DF0019B31A /* NewTodo.swift in Sources */,
				A317681624570D160019B31A /* AppDelegate.swift in Sources */,
				A317681824570D160019B31A /* SceneDelegate.swift in Sources */,
			);
			runOnlyForDeploymentPostprocessing = 0;
		};
		A39D2F1124984D0C0051FD19 /* Sources */ = {
			isa = PBXSourcesBuildPhase;
			buildActionMask = 2147483647;
			files = (
			);
			runOnlyForDeploymentPostprocessing = 0;
		};
/* End PBXSourcesBuildPhase section */

/* Begin PBXTargetDependency section */
		A39D2F1B24984D0C0051FD19 /* PBXTargetDependency */ = {
			isa = PBXTargetDependency;
			target = A317681124570D160019B31A /* Todo */;
			targetProxy = A39D2F1A24984D0C0051FD19 /* PBXContainerItemProxy */;
		};
/* End PBXTargetDependency section */

/* Begin PBXVariantGroup section */
		A317681B24570D160019B31A /* Main.storyboard */ = {
			isa = PBXVariantGroup;
			children = (
				A317681C24570D160019B31A /* Base */,
			);
			name = Main.storyboard;
			sourceTree = "<group>";
		};
		A317682324570D180019B31A /* LaunchScreen.storyboard */ = {
			isa = PBXVariantGroup;
			children = (
				A317682424570D180019B31A /* Base */,
			);
			name = LaunchScreen.storyboard;
			sourceTree = "<group>";
		};
/* End PBXVariantGroup section */

/* Begin XCBuildConfiguration section */
		A317682724570D180019B31A /* Debug */ = {
			isa = XCBuildConfiguration;
			buildSettings = {
				ALWAYS_SEARCH_USER_PATHS = NO;
				CLANG_ANALYZER_NONNULL = YES;
				CLANG_ANALYZER_NUMBER_OBJECT_CONVERSION = YES_AGGRESSIVE;
				CLANG_CXX_LANGUAGE_STANDARD = "gnu++14";
				CLANG_CXX_LIBRARY = "libc++";
				CLANG_ENABLE_MODULES = YES;
				CLANG_ENABLE_OBJC_ARC = YES;
				CLANG_ENABLE_OBJC_WEAK = YES;
				CLANG_WARN_BLOCK_CAPTURE_AUTORELEASING = YES;
				CLANG_WARN_BOOL_CONVERSION = YES;
				CLANG_WARN_COMMA = YES;
				CLANG_WARN_CONSTANT_CONVERSION = YES;
				CLANG_WARN_DEPRECATED_OBJC_IMPLEMENTATIONS = YES;
				CLANG_WARN_DIRECT_OBJC_ISA_USAGE = YES_ERROR;
				CLANG_WARN_DOCUMENTATION_COMMENTS = YES;
				CLANG_WARN_EMPTY_BODY = YES;
				CLANG_WARN_ENUM_CONVERSION = YES;
				CLANG_WARN_INFINITE_RECURSION = YES;
				CLANG_WARN_INT_CONVERSION = YES;
				CLANG_WARN_NON_LITERAL_NULL_CONVERSION = YES;
				CLANG_WARN_OBJC_IMPLICIT_RETAIN_SELF = YES;
				CLANG_WARN_OBJC_LITERAL_CONVERSION = YES;
				CLANG_WARN_OBJC_ROOT_CLASS = YES_ERROR;
				CLANG_WARN_RANGE_LOOP_ANALYSIS = YES;
				CLANG_WARN_STRICT_PROTOTYPES = YES;
				CLANG_WARN_SUSPICIOUS_MOVE = YES;
				CLANG_WARN_UNGUARDED_AVAILABILITY = YES_AGGRESSIVE;
				CLANG_WARN_UNREACHABLE_CODE = YES;
				CLANG_WARN__DUPLICATE_METHOD_MATCH = YES;
				COPY_PHASE_STRIP = NO;
				DEBUG_INFORMATION_FORMAT = dwarf;
				ENABLE_STRICT_OBJC_MSGSEND = YES;
				ENABLE_TESTABILITY = YES;
				GCC_C_LANGUAGE_STANDARD = gnu11;
				GCC_DYNAMIC_NO_PIC = NO;
				GCC_NO_COMMON_BLOCKS = YES;
				GCC_OPTIMIZATION_LEVEL = 0;
				GCC_PREPROCESSOR_DEFINITIONS = (
					"DEBUG=1",
					"$(inherited)",
				);
				GCC_WARN_64_TO_32_BIT_CONVERSION = YES;
				GCC_WARN_ABOUT_RETURN_TYPE = YES_ERROR;
				GCC_WARN_UNDECLARED_SELECTOR = YES;
				GCC_WARN_UNINITIALIZED_AUTOS = YES_AGGRESSIVE;
				GCC_WARN_UNUSED_FUNCTION = YES;
				GCC_WARN_UNUSED_VARIABLE = YES;
				IPHONEOS_DEPLOYMENT_TARGET = 13.5;
				MTL_ENABLE_DEBUG_INFO = INCLUDE_SOURCE;
				MTL_FAST_MATH = YES;
				ONLY_ACTIVE_ARCH = YES;
				SDKROOT = iphoneos;
				SWIFT_ACTIVE_COMPILATION_CONDITIONS = DEBUG;
				SWIFT_OPTIMIZATION_LEVEL = "-Onone";
			};
			name = Debug;
		};
		A317682824570D180019B31A /* Release */ = {
			isa = XCBuildConfiguration;
			buildSettings = {
				ALWAYS_SEARCH_USER_PATHS = NO;
				CLANG_ANALYZER_NONNULL = YES;
				CLANG_ANALYZER_NUMBER_OBJECT_CONVERSION = YES_AGGRESSIVE;
				CLANG_CXX_LANGUAGE_STANDARD = "gnu++14";
				CLANG_CXX_LIBRARY = "libc++";
				CLANG_ENABLE_MODULES = YES;
				CLANG_ENABLE_OBJC_ARC = YES;
				CLANG_ENABLE_OBJC_WEAK = YES;
				CLANG_WARN_BLOCK_CAPTURE_AUTORELEASING = YES;
				CLANG_WARN_BOOL_CONVERSION = YES;
				CLANG_WARN_COMMA = YES;
				CLANG_WARN_CONSTANT_CONVERSION = YES;
				CLANG_WARN_DEPRECATED_OBJC_IMPLEMENTATIONS = YES;
				CLANG_WARN_DIRECT_OBJC_ISA_USAGE = YES_ERROR;
				CLANG_WARN_DOCUMENTATION_COMMENTS = YES;
				CLANG_WARN_EMPTY_BODY = YES;
				CLANG_WARN_ENUM_CONVERSION = YES;
				CLANG_WARN_INFINITE_RECURSION = YES;
				CLANG_WARN_INT_CONVERSION = YES;
				CLANG_WARN_NON_LITERAL_NULL_CONVERSION = YES;
				CLANG_WARN_OBJC_IMPLICIT_RETAIN_SELF = YES;
				CLANG_WARN_OBJC_LITERAL_CONVERSION = YES;
				CLANG_WARN_OBJC_ROOT_CLASS = YES_ERROR;
				CLANG_WARN_RANGE_LOOP_ANALYSIS = YES;
				CLANG_WARN_STRICT_PROTOTYPES = YES;
				CLANG_WARN_SUSPICIOUS_MOVE = YES;
				CLANG_WARN_UNGUARDED_AVAILABILITY = YES_AGGRESSIVE;
				CLANG_WARN_UNREACHABLE_CODE = YES;
				CLANG_WARN__DUPLICATE_METHOD_MATCH = YES;
				COPY_PHASE_STRIP = NO;
				DEBUG_INFORMATION_FORMAT = "dwarf-with-dsym";
				ENABLE_NS_ASSERTIONS = NO;
				ENABLE_STRICT_OBJC_MSGSEND = YES;
				GCC_C_LANGUAGE_STANDARD = gnu11;
				GCC_NO_COMMON_BLOCKS = YES;
				GCC_WARN_64_TO_32_BIT_CONVERSION = YES;
				GCC_WARN_ABOUT_RETURN_TYPE = YES_ERROR;
				GCC_WARN_UNDECLARED_SELECTOR = YES;
				GCC_WARN_UNINITIALIZED_AUTOS = YES_AGGRESSIVE;
				GCC_WARN_UNUSED_FUNCTION = YES;
				GCC_WARN_UNUSED_VARIABLE = YES;
				IPHONEOS_DEPLOYMENT_TARGET = 13.5;
				MTL_ENABLE_DEBUG_INFO = NO;
				MTL_FAST_MATH = YES;
				SDKROOT = iphoneos;
				SWIFT_COMPILATION_MODE = wholemodule;
				SWIFT_OPTIMIZATION_LEVEL = "-O";
				VALIDATE_PRODUCT = YES;
			};
			name = Release;
		};
		A317682A24570D180019B31A /* Debug */ = {
			isa = XCBuildConfiguration;
			buildSettings = {
				ASSETCATALOG_COMPILER_APPICON_NAME = AppIcon;
				CODE_SIGN_STYLE = Automatic;
				DEVELOPMENT_TEAM = HR9QSTC3UJ;
				INFOPLIST_FILE = Todo/Info.plist;
				LD_RUNPATH_SEARCH_PATHS = (
					"$(inherited)",
					"@executable_path/Frameworks",
				);
				PRODUCT_BUNDLE_IDENTIFIER = perssonal.Todo;
				PRODUCT_NAME = "$(TARGET_NAME)";
				SWIFT_VERSION = 5.0;
				TARGETED_DEVICE_FAMILY = "1,2";
			};
			name = Debug;
		};
		A317682B24570D180019B31A /* Release */ = {
			isa = XCBuildConfiguration;
			buildSettings = {
				ASSETCATALOG_COMPILER_APPICON_NAME = AppIcon;
				CODE_SIGN_STYLE = Automatic;
				DEVELOPMENT_TEAM = HR9QSTC3UJ;
				INFOPLIST_FILE = Todo/Info.plist;
				LD_RUNPATH_SEARCH_PATHS = (
					"$(inherited)",
					"@executable_path/Frameworks",
				);
				PRODUCT_BUNDLE_IDENTIFIER = perssonal.Todo;
				PRODUCT_NAME = "$(TARGET_NAME)";
				SWIFT_VERSION = 5.0;
				TARGETED_DEVICE_FAMILY = "1,2";
			};
			name = Release;
		};
		A39D2F1D24984D0C0051FD19 /* Debug */ = {
			isa = XCBuildConfiguration;
			buildSettings = {
				CODE_SIGN_STYLE = Automatic;
				DEVELOPMENT_TEAM = HR9QSTC3UJ;
				INFOPLIST_FILE = TodoUITests/Info.plist;
				LD_RUNPATH_SEARCH_PATHS = (
					"$(inherited)",
					"@executable_path/Frameworks",
					"@loader_path/Frameworks",
				);
				PRODUCT_BUNDLE_IDENTIFIER = perssonal.TodoUITests;
				PRODUCT_NAME = "$(TARGET_NAME)";
				SWIFT_VERSION = 5.0;
				TARGETED_DEVICE_FAMILY = "1,2";
				TEST_TARGET_NAME = Todo;
			};
			name = Debug;
		};
		A39D2F1E24984D0C0051FD19 /* Release */ = {
			isa = XCBuildConfiguration;
			buildSettings = {
				CODE_SIGN_STYLE = Automatic;
				DEVELOPMENT_TEAM = HR9QSTC3UJ;
				INFOPLIST_FILE = TodoUITests/Info.plist;
				LD_RUNPATH_SEARCH_PATHS = (
					"$(inherited)",
					"@executable_path/Frameworks",
					"@loader_path/Frameworks",
				);
				PRODUCT_BUNDLE_IDENTIFIER = perssonal.TodoUITests;
				PRODUCT_NAME = "$(TARGET_NAME)";
				SWIFT_VERSION = 5.0;
				TARGETED_DEVICE_FAMILY = "1,2";
				TEST_TARGET_NAME = Todo;
			};
			name = Release;
		};
/* End XCBuildConfiguration section */

/* Begin XCConfigurationList section */
		A317680D24570D160019B31A /* Build configuration list for PBXProject "Todo" */ = {
			isa = XCConfigurationList;
			buildConfigurations = (
				A317682724570D180019B31A /* Debug */,
				A317682824570D180019B31A /* Release */,
			);
			defaultConfigurationIsVisible = 0;
			defaultConfigurationName = Release;
		};
		A317682924570D180019B31A /* Build configuration list for PBXNativeTarget "Todo" */ = {
			isa = XCConfigurationList;
			buildConfigurations = (
				A317682A24570D180019B31A /* Debug */,
				A317682B24570D180019B31A /* Release */,
			);
			defaultConfigurationIsVisible = 0;
			defaultConfigurationName = Release;
		};
		A39D2F1C24984D0C0051FD19 /* Build configuration list for PBXNativeTarget "TodoUITests" */ = {
			isa = XCConfigurationList;
			buildConfigurations = (
				A39D2F1D24984D0C0051FD19 /* Debug */,
				A39D2F1E24984D0C0051FD19 /* Release */,
			);
			defaultConfigurationIsVisible = 0;
			defaultConfigurationName = Release;
		};
/* End XCConfigurationList section */

/* Begin XCVersionGroup section */
		A3176832245837DF0019B31A /* Todo.xcdatamodeld */ = {
			isa = XCVersionGroup;
			children = (
				A3176833245837DF0019B31A /* Todo.xcdatamodel */,
			);
			currentVersion = A3176833245837DF0019B31A /* Todo.xcdatamodel */;
			path = Todo.xcdatamodeld;
			sourceTree = "<group>";
			versionGroupType = wrapper.xcdatamodel;
		};
/* End XCVersionGroup section */
	};
	rootObject = A317680A24570D160019B31A /* Project object */;
}
